// !$*UTF8*$!
{
	archiveVersion = 1;
	classes = {
	};
	objectVersion = 55;
	objects = {

/* Begin PBXBuildFile section */
		EF48416E283F9CBD004917B0 /* AppDelegate.swift in Sources */ = {isa = PBXBuildFile; fileRef = EF48416D283F9CBD004917B0 /* AppDelegate.swift */; };
		EF484170283F9CBD004917B0 /* SceneDelegate.swift in Sources */ = {isa = PBXBuildFile; fileRef = EF48416F283F9CBD004917B0 /* SceneDelegate.swift */; };
		EF484172283F9CBD004917B0 /* ViewController.swift in Sources */ = {isa = PBXBuildFile; fileRef = EF484171283F9CBD004917B0 /* ViewController.swift */; };
		EF484175283F9CBD004917B0 /* Main.storyboard in Resources */ = {isa = PBXBuildFile; fileRef = EF484173283F9CBD004917B0 /* Main.storyboard */; };
		EF484177283F9CBD004917B0 /* Assets.xcassets in Resources */ = {isa = PBXBuildFile; fileRef = EF484176283F9CBD004917B0 /* Assets.xcassets */; };
		EF48417A283F9CBD004917B0 /* LaunchScreen.storyboard in Resources */ = {isa = PBXBuildFile; fileRef = EF484178283F9CBD004917B0 /* LaunchScreen.storyboard */; };
		EF484187283F9D34004917B0 /* GalleryDocument.swift in Sources */ = {isa = PBXBuildFile; fileRef = EF484185283F9D34004917B0 /* GalleryDocument.swift */; };
		EF484188283F9D34004917B0 /* GalleryModel.swift in Sources */ = {isa = PBXBuildFile; fileRef = EF484186283F9D34004917B0 /* GalleryModel.swift */; };
		EF48418C283F9D4A004917B0 /* DocumentBrowserViewController.swift in Sources */ = {isa = PBXBuildFile; fileRef = EF484189283F9D4A004917B0 /* DocumentBrowserViewController.swift */; };
		EF48418D283F9D4A004917B0 /* GalleryCollectionViewController.swift in Sources */ = {isa = PBXBuildFile; fileRef = EF48418A283F9D4A004917B0 /* GalleryCollectionViewController.swift */; };
		EF48418E283F9D4A004917B0 /* ImageViewController.swift in Sources */ = {isa = PBXBuildFile; fileRef = EF48418B283F9D4A004917B0 /* ImageViewController.swift */; };
		EF484190283F9D62004917B0 /* ImageCollectionViewCell.swift in Sources */ = {isa = PBXBuildFile; fileRef = EF48418F283F9D62004917B0 /* ImageCollectionViewCell.swift */; };
		EF484192283F9D71004917B0 /* StaticsAndExtensions.swift in Sources */ = {isa = PBXBuildFile; fileRef = EF484191283F9D71004917B0 /* StaticsAndExtensions.swift */; };
/* End PBXBuildFile section */

/* Begin PBXFileReference section */
		EF48416A283F9CBD004917B0 /* cs193p-2017-fall-assignment6.app */ = {isa = PBXFileReference; explicitFileType = wrapper.application; includeInIndex = 0; path = "cs193p-2017-fall-assignment6.app"; sourceTree = BUILT_PRODUCTS_DIR; };
		EF48416D283F9CBD004917B0 /* AppDelegate.swift */ = {isa = PBXFileReference; lastKnownFileType = sourcecode.swift; path = AppDelegate.swift; sourceTree = "<group>"; };
		EF48416F283F9CBD004917B0 /* SceneDelegate.swift */ = {isa = PBXFileReference; lastKnownFileType = sourcecode.swift; path = SceneDelegate.swift; sourceTree = "<group>"; };
		EF484171283F9CBD004917B0 /* ViewController.swift */ = {isa = PBXFileReference; lastKnownFileType = sourcecode.swift; path = ViewController.swift; sourceTree = "<group>"; };
		EF484174283F9CBD004917B0 /* Base */ = {isa = PBXFileReference; lastKnownFileType = file.storyboard; name = Base; path = Base.lproj/Main.storyboard; sourceTree = "<group>"; };
		EF484176283F9CBD004917B0 /* Assets.xcassets */ = {isa = PBXFileReference; lastKnownFileType = folder.assetcatalog; path = Assets.xcassets; sourceTree = "<group>"; };
		EF484179283F9CBD004917B0 /* Base */ = {isa = PBXFileReference; lastKnownFileType = file.storyboard; name = Base; path = Base.lproj/LaunchScreen.storyboard; sourceTree = "<group>"; };
		EF48417B283F9CBD004917B0 /* Info.plist */ = {isa = PBXFileReference; lastKnownFileType = text.plist.xml; path = Info.plist; sourceTree = "<group>"; };
		EF484185283F9D34004917B0 /* GalleryDocument.swift */ = {isa = PBXFileReference; fileEncoding = 4; lastKnownFileType = sourcecode.swift; path = GalleryDocument.swift; sourceTree = "<group>"; };
		EF484186283F9D34004917B0 /* GalleryModel.swift */ = {isa = PBXFileReference; fileEncoding = 4; lastKnownFileType = sourcecode.swift; path = GalleryModel.swift; sourceTree = "<group>"; };
		EF484189283F9D4A004917B0 /* DocumentBrowserViewController.swift */ = {isa = PBXFileReference; fileEncoding = 4; lastKnownFileType = sourcecode.swift; path = DocumentBrowserViewController.swift; sourceTree = "<group>"; };
		EF48418A283F9D4A004917B0 /* GalleryCollectionViewController.swift */ = {isa = PBXFileReference; fileEncoding = 4; lastKnownFileType = sourcecode.swift; path = GalleryCollectionViewController.swift; sourceTree = "<group>"; };
		EF48418B283F9D4A004917B0 /* ImageViewController.swift */ = {isa = PBXFileReference; fileEncoding = 4; lastKnownFileType = sourcecode.swift; path = ImageViewController.swift; sourceTree = "<group>"; };
		EF48418F283F9D62004917B0 /* ImageCollectionViewCell.swift */ = {isa = PBXFileReference; fileEncoding = 4; lastKnownFileType = sourcecode.swift; path = ImageCollectionViewCell.swift; sourceTree = "<group>"; };
		EF484191283F9D71004917B0 /* StaticsAndExtensions.swift */ = {isa = PBXFileReference; fileEncoding = 4; lastKnownFileType = sourcecode.swift; path = StaticsAndExtensions.swift; sourceTree = "<group>"; };
/* End PBXFileReference section */

/* Begin PBXFrameworksBuildPhase section */
		EF484167283F9CBD004917B0 /* Frameworks */ = {
			isa = PBXFrameworksBuildPhase;
			buildActionMask = 2147483647;
			files = (
			);
			runOnlyForDeploymentPostprocessing = 0;
		};
/* End PBXFrameworksBuildPhase section */

/* Begin PBXGroup section */
		EF484161283F9CBD004917B0 = {
			isa = PBXGroup;
			children = (
				EF48416C283F9CBD004917B0 /* cs193p-2017-fall-assignment6 */,
				EF48416B283F9CBD004917B0 /* Products */,
			);
			sourceTree = "<group>";
		};
		EF48416B283F9CBD004917B0 /* Products */ = {
			isa = PBXGroup;
			children = (
				EF48416A283F9CBD004917B0 /* cs193p-2017-fall-assignment6.app */,
			);
			name = Products;
			sourceTree = "<group>";
		};
		EF48416C283F9CBD004917B0 /* cs193p-2017-fall-assignment6 */ = {
			isa = PBXGroup;
			children = (
				EF484184283F9D1E004917B0 /* View */,
				EF484183283F9D12004917B0 /* ViewController */,
				EF484182283F9D0D004917B0 /* Model */,
				EF484181283F9CE3004917B0 /* Supporting Files */,
				EF484171283F9CBD004917B0 /* ViewController.swift */,
				EF484173283F9CBD004917B0 /* Main.storyboard */,
				EF48417B283F9CBD004917B0 /* Info.plist */,
			);
			path = "cs193p-2017-fall-assignment6";
			sourceTree = "<group>";
		};
		EF484181283F9CE3004917B0 /* Supporting Files */ = {
			isa = PBXGroup;
			children = (
				EF484191283F9D71004917B0 /* StaticsAndExtensions.swift */,
				EF484178283F9CBD004917B0 /* LaunchScreen.storyboard */,
				EF484176283F9CBD004917B0 /* Assets.xcassets */,
				EF48416F283F9CBD004917B0 /* SceneDelegate.swift */,
				EF48416D283F9CBD004917B0 /* AppDelegate.swift */,
			);
			path = "Supporting Files";
			sourceTree = "<group>";
		};
		EF484182283F9D0D004917B0 /* Model */ = {
			isa = PBXGroup;
			children = (
				EF484185283F9D34004917B0 /* GalleryDocument.swift */,
				EF484186283F9D34004917B0 /* GalleryModel.swift */,
			);
			path = Model;
			sourceTree = "<group>";
		};
		EF484183283F9D12004917B0 /* ViewController */ = {
			isa = PBXGroup;
			children = (
				EF484189283F9D4A004917B0 /* DocumentBrowserViewController.swift */,
				EF48418A283F9D4A004917B0 /* GalleryCollectionViewController.swift */,
				EF48418B283F9D4A004917B0 /* ImageViewController.swift */,
			);
			path = ViewController;
			sourceTree = "<group>";
		};
		EF484184283F9D1E004917B0 /* View */ = {
			isa = PBXGroup;
			children = (
				EF48418F283F9D62004917B0 /* ImageCollectionViewCell.swift */,
			);
			path = View;
			sourceTree = "<group>";
		};
/* End PBXGroup section */

/* Begin PBXNativeTarget section */
		EF484169283F9CBD004917B0 /* cs193p-2017-fall-assignment6 */ = {
			isa = PBXNativeTarget;
			buildConfigurationList = EF48417E283F9CBD004917B0 /* Build configuration list for PBXNativeTarget "cs193p-2017-fall-assignment6" */;
			buildPhases = (
				EF484166283F9CBD004917B0 /* Sources */,
				EF484167283F9CBD004917B0 /* Frameworks */,
				EF484168283F9CBD004917B0 /* Resources */,
			);
			buildRules = (
			);
			dependencies = (
			);
			name = "cs193p-2017-fall-assignment6";
			productName = "cs193p-2017-fall-assignment6";
			productReference = EF48416A283F9CBD004917B0 /* cs193p-2017-fall-assignment6.app */;
			productType = "com.apple.product-type.application";
		};
/* End PBXNativeTarget section */

/* Begin PBXProject section */
		EF484162283F9CBD004917B0 /* Project object */ = {
			isa = PBXProject;
			attributes = {
				BuildIndependentTargetsInParallel = 1;
				LastSwiftUpdateCheck = 1340;
				LastUpgradeCheck = 1340;
				TargetAttributes = {
					EF484169283F9CBD004917B0 = {
						CreatedOnToolsVersion = 13.4;
					};
				};
			};
			buildConfigurationList = EF484165283F9CBD004917B0 /* Build configuration list for PBXProject "cs193p-2017-fall-assignment6" */;
			compatibilityVersion = "Xcode 13.0";
			developmentRegion = en;
			hasScannedForEncodings = 0;
			knownRegions = (
				en,
				Base,
			);
			mainGroup = EF484161283F9CBD004917B0;
			productRefGroup = EF48416B283F9CBD004917B0 /* Products */;
			projectDirPath = "";
			projectRoot = "";
			targets = (
				EF484169283F9CBD004917B0 /* cs193p-2017-fall-assignment6 */,
			);
		};
/* End PBXProject section */

/* Begin PBXResourcesBuildPhase section */
		EF484168283F9CBD004917B0 /* Resources */ = {
			isa = PBXResourcesBuildPhase;
			buildActionMask = 2147483647;
			files = (
				EF48417A283F9CBD004917B0 /* LaunchScreen.storyboard in Resources */,
				EF484177283F9CBD004917B0 /* Assets.xcassets in Resources */,
				EF484175283F9CBD004917B0 /* Main.storyboard in Resources */,
			);
			runOnlyForDeploymentPostprocessing = 0;
		};
/* End PBXResourcesBuildPhase section */

/* Begin PBXSourcesBuildPhase section */
		EF484166283F9CBD004917B0 /* Sources */ = {
			isa = PBXSourcesBuildPhase;
			buildActionMask = 2147483647;
			files = (
				EF484172283F9CBD004917B0 /* ViewController.swift in Sources */,
				EF48416E283F9CBD004917B0 /* AppDelegate.swift in Sources */,
				EF484170283F9CBD004917B0 /* SceneDelegate.swift in Sources */,
				EF484187283F9D34004917B0 /* GalleryDocument.swift in Sources */,
				EF48418C283F9D4A004917B0 /* DocumentBrowserViewController.swift in Sources */,
				EF484192283F9D71004917B0 /* StaticsAndExtensions.swift in Sources */,
				EF48418D283F9D4A004917B0 /* GalleryCollectionViewController.swift in Sources */,
				EF484190283F9D62004917B0 /* ImageCollectionViewCell.swift in Sources */,
				EF48418E283F9D4A004917B0 /* ImageViewController.swift in Sources */,
				EF484188283F9D34004917B0 /* GalleryModel.swift in Sources */,
			);
			runOnlyForDeploymentPostprocessing = 0;
		};
/* End PBXSourcesBuildPhase section */

/* Begin PBXVariantGroup section */
		EF484173283F9CBD004917B0 /* Main.storyboard */ = {
			isa = PBXVariantGroup;
			children = (
				EF484174283F9CBD004917B0 /* Base */,
			);
			name = Main.storyboard;
			sourceTree = "<group>";
		};
		EF484178283F9CBD004917B0 /* LaunchScreen.storyboard */ = {
			isa = PBXVariantGroup;
			children = (
				EF484179283F9CBD004917B0 /* Base */,
			);
			name = LaunchScreen.storyboard;
			sourceTree = "<group>";
		};
/* End PBXVariantGroup section */

/* Begin XCBuildConfiguration section */
		EF48417C283F9CBD004917B0 /* Debug */ = {
			isa = XCBuildConfiguration;
			buildSettings = {
				ALWAYS_SEARCH_USER_PATHS = NO;
				CLANG_ANALYZER_NONNULL = YES;
				CLANG_ANALYZER_NUMBER_OBJECT_CONVERSION = YES_AGGRESSIVE;
				CLANG_CXX_LANGUAGE_STANDARD = "gnu++17";
				CLANG_ENABLE_MODULES = YES;
				CLANG_ENABLE_OBJC_ARC = YES;
				CLANG_ENABLE_OBJC_WEAK = YES;
				CLANG_WARN_BLOCK_CAPTURE_AUTORELEASING = YES;
				CLANG_WARN_BOOL_CONVERSION = YES;
				CLANG_WARN_COMMA = YES;
				CLANG_WARN_CONSTANT_CONVERSION = YES;
				CLANG_WARN_DEPRECATED_OBJC_IMPLEMENTATIONS = YES;
				CLANG_WARN_DIRECT_OBJC_ISA_USAGE = YES_ERROR;
				CLANG_WARN_DOCUMENTATION_COMMENTS = YES;
				CLANG_WARN_EMPTY_BODY = YES;
				CLANG_WARN_ENUM_CONVERSION = YES;
				CLANG_WARN_INFINITE_RECURSION = YES;
				CLANG_WARN_INT_CONVERSION = YES;
				CLANG_WARN_NON_LITERAL_NULL_CONVERSION = YES;
				CLANG_WARN_OBJC_IMPLICIT_RETAIN_SELF = YES;
				CLANG_WARN_OBJC_LITERAL_CONVERSION = YES;
				CLANG_WARN_OBJC_ROOT_CLASS = YES_ERROR;
				CLANG_WARN_QUOTED_INCLUDE_IN_FRAMEWORK_HEADER = YES;
				CLANG_WARN_RANGE_LOOP_ANALYSIS = YES;
				CLANG_WARN_STRICT_PROTOTYPES = YES;
				CLANG_WARN_SUSPICIOUS_MOVE = YES;
				CLANG_WARN_UNGUARDED_AVAILABILITY = YES_AGGRESSIVE;
				CLANG_WARN_UNREACHABLE_CODE = YES;
				CLANG_WARN__DUPLICATE_METHOD_MATCH = YES;
				COPY_PHASE_STRIP = NO;
				DEBUG_INFORMATION_FORMAT = dwarf;
				ENABLE_STRICT_OBJC_MSGSEND = YES;
				ENABLE_TESTABILITY = YES;
				GCC_C_LANGUAGE_STANDARD = gnu11;
				GCC_DYNAMIC_NO_PIC = NO;
				GCC_NO_COMMON_BLOCKS = YES;
				GCC_OPTIMIZATION_LEVEL = 0;
				GCC_PREPROCESSOR_DEFINITIONS = (
					"DEBUG=1",
					"$(inherited)",
				);
				GCC_WARN_64_TO_32_BIT_CONVERSION = YES;
				GCC_WARN_ABOUT_RETURN_TYPE = YES_ERROR;
				GCC_WARN_UNDECLARED_SELECTOR = YES;
				GCC_WARN_UNINITIALIZED_AUTOS = YES_AGGRESSIVE;
				GCC_WARN_UNUSED_FUNCTION = YES;
				GCC_WARN_UNUSED_VARIABLE = YES;
				IPHONEOS_DEPLOYMENT_TARGET = 15.5;
				MTL_ENABLE_DEBUG_INFO = INCLUDE_SOURCE;
				MTL_FAST_MATH = YES;
				ONLY_ACTIVE_ARCH = YES;
				SDKROOT = iphoneos;
				SWIFT_ACTIVE_COMPILATION_CONDITIONS = DEBUG;
				SWIFT_OPTIMIZATION_LEVEL = "-Onone";
			};
			name = Debug;
		};
		EF48417D283F9CBD004917B0 /* Release */ = {
			isa = XCBuildConfiguration;
			buildSettings = {
				ALWAYS_SEARCH_USER_PATHS = NO;
				CLANG_ANALYZER_NONNULL = YES;
				CLANG_ANALYZER_NUMBER_OBJECT_CONVERSION = YES_AGGRESSIVE;
				CLANG_CXX_LANGUAGE_STANDARD = "gnu++17";
				CLANG_ENABLE_MODULES = YES;
				CLANG_ENABLE_OBJC_ARC = YES;
				CLANG_ENABLE_OBJC_WEAK = YES;
				CLANG_WARN_BLOCK_CAPTURE_AUTORELEASING = YES;
				CLANG_WARN_BOOL_CONVERSION = YES;
				CLANG_WARN_COMMA = YES;
				CLANG_WARN_CONSTANT_CONVERSION = YES;
				CLANG_WARN_DEPRECATED_OBJC_IMPLEMENTATIONS = YES;
				CLANG_WARN_DIRECT_OBJC_ISA_USAGE = YES_ERROR;
				CLANG_WARN_DOCUMENTATION_COMMENTS = YES;
				CLANG_WARN_EMPTY_BODY = YES;
				CLANG_WARN_ENUM_CONVERSION = YES;
				CLANG_WARN_INFINITE_RECURSION = YES;
				CLANG_WARN_INT_CONVERSION = YES;
				CLANG_WARN_NON_LITERAL_NULL_CONVERSION = YES;
				CLANG_WARN_OBJC_IMPLICIT_RETAIN_SELF = YES;
				CLANG_WARN_OBJC_LITERAL_CONVERSION = YES;
				CLANG_WARN_OBJC_ROOT_CLASS = YES_ERROR;
				CLANG_WARN_QUOTED_INCLUDE_IN_FRAMEWORK_HEADER = YES;
				CLANG_WARN_RANGE_LOOP_ANALYSIS = YES;
				CLANG_WARN_STRICT_PROTOTYPES = YES;
				CLANG_WARN_SUSPICIOUS_MOVE = YES;
				CLANG_WARN_UNGUARDED_AVAILABILITY = YES_AGGRESSIVE;
				CLANG_WARN_UNREACHABLE_CODE = YES;
				CLANG_WARN__DUPLICATE_METHOD_MATCH = YES;
				COPY_PHASE_STRIP = NO;
				DEBUG_INFORMATION_FORMAT = "dwarf-with-dsym";
				ENABLE_NS_ASSERTIONS = NO;
				ENABLE_STRICT_OBJC_MSGSEND = YES;
				GCC_C_LANGUAGE_STANDARD = gnu11;
				GCC_NO_COMMON_BLOCKS = YES;
				GCC_WARN_64_TO_32_BIT_CONVERSION = YES;
				GCC_WARN_ABOUT_RETURN_TYPE = YES_ERROR;
				GCC_WARN_UNDECLARED_SELECTOR = YES;
				GCC_WARN_UNINITIALIZED_AUTOS = YES_AGGRESSIVE;
				GCC_WARN_UNUSED_FUNCTION = YES;
				GCC_WARN_UNUSED_VARIABLE = YES;
				IPHONEOS_DEPLOYMENT_TARGET = 15.5;
				MTL_ENABLE_DEBUG_INFO = NO;
				MTL_FAST_MATH = YES;
				SDKROOT = iphoneos;
				SWIFT_COMPILATION_MODE = wholemodule;
				SWIFT_OPTIMIZATION_LEVEL = "-O";
				VALIDATE_PRODUCT = YES;
			};
			name = Release;
		};
		EF48417F283F9CBD004917B0 /* Debug */ = {
			isa = XCBuildConfiguration;
			buildSettings = {
				ASSETCATALOG_COMPILER_APPICON_NAME = AppIcon;
				ASSETCATALOG_COMPILER_GLOBAL_ACCENT_COLOR_NAME = AccentColor;
				CODE_SIGN_STYLE = Automatic;
				CURRENT_PROJECT_VERSION = 1;
				DEVELOPMENT_TEAM = N4F7RVH5TU;
				GENERATE_INFOPLIST_FILE = YES;
				INFOPLIST_FILE = "cs193p-2017-fall-assignment6/Info.plist";
				INFOPLIST_KEY_UIApplicationSupportsIndirectInputEvents = YES;
				INFOPLIST_KEY_UILaunchStoryboardName = LaunchScreen;
				INFOPLIST_KEY_UIMainStoryboardFile = Main;
				INFOPLIST_KEY_UISupportedInterfaceOrientations_iPad = "UIInterfaceOrientationPortrait UIInterfaceOrientationPortraitUpsideDown UIInterfaceOrientationLandscapeLeft UIInterfaceOrientationLandscapeRight";
				INFOPLIST_KEY_UISupportedInterfaceOrientations_iPhone = "UIInterfaceOrientationPortrait UIInterfaceOrientationLandscapeLeft UIInterfaceOrientationLandscapeRight";
				IPHONEOS_DEPLOYMENT_TARGET = 14.2;
				LD_RUNPATH_SEARCH_PATHS = (
					"$(inherited)",
					"@executable_path/Frameworks",
				);
				MARKETING_VERSION = 1.0;
				PRODUCT_BUNDLE_IDENTIFIER = "ksurikova.cs193p-2017-fall-assignment6";
				PRODUCT_NAME = "$(TARGET_NAME)";
				SWIFT_EMIT_LOC_STRINGS = YES;
				SWIFT_VERSION = 5.0;
				TARGETED_DEVICE_FAMILY = "1,2";
			};
			name = Debug;
		};
		EF484180283F9CBD004917B0 /* Release */ = {
			isa = XCBuildConfiguration;
			buildSettings = {
				ASSETCATALOG_COMPILER_APPICON_NAME = AppIcon;
				ASSETCATALOG_COMPILER_GLOBAL_ACCENT_COLOR_NAME = AccentColor;
				CODE_SIGN_STYLE = Automatic;
				CURRENT_PROJECT_VERSION = 1;
				DEVELOPMENT_TEAM = N4F7RVH5TU;
				GENERATE_INFOPLIST_FILE = YES;
				INFOPLIST_FILE = "cs193p-2017-fall-assignment6/Info.plist";
				INFOPLIST_KEY_UIApplicationSupportsIndirectInputEvents = YES;
				INFOPLIST_KEY_UILaunchStoryboardName = LaunchScreen;
				INFOPLIST_KEY_UIMainStoryboardFile = Main;
				INFOPLIST_KEY_UISupportedInterfaceOrientations_iPad = "UIInterfaceOrientationPortrait UIInterfaceOrientationPortraitUpsideDown UIInterfaceOrientationLandscapeLeft UIInterfaceOrientationLandscapeRight";
				INFOPLIST_KEY_UISupportedInterfaceOrientations_iPhone = "UIInterfaceOrientationPortrait UIInterfaceOrientationLandscapeLeft UIInterfaceOrientationLandscapeRight";
				IPHONEOS_DEPLOYMENT_TARGET = 14.2;
				LD_RUNPATH_SEARCH_PATHS = (
					"$(inherited)",
					"@executable_path/Frameworks",
				);
				MARKETING_VERSION = 1.0;
				PRODUCT_BUNDLE_IDENTIFIER = "ksurikova.cs193p-2017-fall-assignment6";
				PRODUCT_NAME = "$(TARGET_NAME)";
				SWIFT_EMIT_LOC_STRINGS = YES;
				SWIFT_VERSION = 5.0;
				TARGETED_DEVICE_FAMILY = "1,2";
			};
			name = Release;
		};
/* End XCBuildConfiguration section */

/* Begin XCConfigurationList section */
		EF484165283F9CBD004917B0 /* Build configuration list for PBXProject "cs193p-2017-fall-assignment6" */ = {
			isa = XCConfigurationList;
			buildConfigurations = (
				EF48417C283F9CBD004917B0 /* Debug */,
				EF48417D283F9CBD004917B0 /* Release */,
			);
			defaultConfigurationIsVisible = 0;
			defaultConfigurationName = Release;
		};
		EF48417E283F9CBD004917B0 /* Build configuration list for PBXNativeTarget "cs193p-2017-fall-assignment6" */ = {
			isa = XCConfigurationList;
			buildConfigurations = (
				EF48417F283F9CBD004917B0 /* Debug */,
				EF484180283F9CBD004917B0 /* Release */,
			);
			defaultConfigurationIsVisible = 0;
			defaultConfigurationName = Release;
		};
/* End XCConfigurationList section */
	};
	rootObject = EF484162283F9CBD004917B0 /* Project object */;
}
